
Microsoft Visual Studio Solution File, Format Version 12.00
Project("{2150E333-8FDC-42A3-9474-1A3956D46DE8}") = "Core", "Core", "{D572FB1F-D9ED-4068-8823-5067B5BB3368}"
EndProject
Project("{2150E333-8FDC-42A3-9474-1A3956D46DE8}") = "src", "src", "{8C8809C3-BED6-4B8C-A935-7D2AC0DBE473}"
EndProject
Project("{2150E333-8FDC-42A3-9474-1A3956D46DE8}") = "test", "test", "{98ACAE39-9D9E-4C86-8AEF-81714B950C86}"
EndProject
Project("{2150E333-8FDC-42A3-9474-1A3956D46DE8}") = "API", "API", "{4FAEBFE0-0641-473E-B76F-5483D4CD0B0E}"
EndProject
Project("{2150E333-8FDC-42A3-9474-1A3956D46DE8}") = "Infrastructure", "Infrastructure", "{CC647F20-B6CA-4FB1-A7EC-742D89B07A78}"
EndProject
Project("{2150E333-8FDC-42A3-9474-1A3956D46DE8}") = "UI", "UI", "{0059D574-0716-4906-98DE-E2A636325046}"
EndProject
Project("{FAE04EC0-301F-11D3-BF4B-00C04F79EFBC}") = "Domain", "Domain\Domain.csproj", "{43434C37-5AB5-414B-8EA8-1A933729AEFE}"
EndProject
Project("{FAE04EC0-301F-11D3-BF4B-00C04F79EFBC}") = "Application", "Application\Application.csproj", "{B032C587-A371-483A-AD7D-EE181EBED329}"
EndProject
Project("{FAE04EC0-301F-11D3-BF4B-00C04F79EFBC}") = "Application.Tests", "Application.Tests\Application.Tests.csproj", "{0FC1BEA4-2F12-4725-AEF7-134DA4459F05}"
EndProject
Project("{FAE04EC0-301F-11D3-BF4B-00C04F79EFBC}") = "Persistence", "Persistence\Persistence.csproj", "{619530C2-EA98-4888-B176-46415B269CF8}"
EndProject
Project("{FAE04EC0-301F-11D3-BF4B-00C04F79EFBC}") = "Infrastructure", "Infrastructure\Infrastructure.csproj", "{D3EAB21D-1E66-421B-A9EC-36B69943F347}"
EndProject
Project("{FAE04EC0-301F-11D3-BF4B-00C04F79EFBC}") = "API", "API\API.csproj", "{2600B91C-5F44-465E-A652-C199CFDCF6DC}"
EndProject
Project("{FAE04EC0-301F-11D3-BF4B-00C04F79EFBC}") = "Persistence.IntegrationTests", "Persistence.IntegrationTests\Persistence.IntegrationTests.csproj", "{194666C2-D4A3-432C-995D-01349B96BD3F}"
EndProject
Project("{FAE04EC0-301F-11D3-BF4B-00C04F79EFBC}") = "Api.IntegrationTests", "Api.IntegrationTests\Api.IntegrationTests.csproj", "{DE0F39B3-99D2-49E2-A5D0-418D9429F1AF}"
EndProject
Project("{FAE04EC0-301F-11D3-BF4B-00C04F79EFBC}") = "BlazorApp", "BlazorApp\BlazorApp.csproj", "{BC48115A-D598-4D98-ADAF-C3A20D3E84F5}"
EndProject
Project("{FAE04EC0-301F-11D3-BF4B-00C04F79EFBC}") = "NswagHttpClient", "NswagHttpClient\NswagHttpClient.csproj", "{5693CAF2-DD7F-4CF3-B4E8-75252ED69886}"
EndProject
Project("{FAE04EC0-301F-11D3-BF4B-00C04F79EFBC}") = "Identity", "Identity\Identity.csproj", "{93E790E9-54CB-4BAE-9ED6-83225E9EB497}"
EndProject
Global
	GlobalSection(SolutionConfigurationPlatforms) = preSolution
		Debug|Any CPU = Debug|Any CPU
		Release|Any CPU = Release|Any CPU
	EndGlobalSection
	GlobalSection(NestedProjects) = preSolution
		{D572FB1F-D9ED-4068-8823-5067B5BB3368} = {8C8809C3-BED6-4B8C-A935-7D2AC0DBE473}
		{4FAEBFE0-0641-473E-B76F-5483D4CD0B0E} = {8C8809C3-BED6-4B8C-A935-7D2AC0DBE473}
		{CC647F20-B6CA-4FB1-A7EC-742D89B07A78} = {8C8809C3-BED6-4B8C-A935-7D2AC0DBE473}
		{0059D574-0716-4906-98DE-E2A636325046} = {8C8809C3-BED6-4B8C-A935-7D2AC0DBE473}
		{43434C37-5AB5-414B-8EA8-1A933729AEFE} = {D572FB1F-D9ED-4068-8823-5067B5BB3368}
		{B032C587-A371-483A-AD7D-EE181EBED329} = {D572FB1F-D9ED-4068-8823-5067B5BB3368}
		{0FC1BEA4-2F12-4725-AEF7-134DA4459F05} = {98ACAE39-9D9E-4C86-8AEF-81714B950C86}
		{619530C2-EA98-4888-B176-46415B269CF8} = {CC647F20-B6CA-4FB1-A7EC-742D89B07A78}
		{D3EAB21D-1E66-421B-A9EC-36B69943F347} = {CC647F20-B6CA-4FB1-A7EC-742D89B07A78}
		{2600B91C-5F44-465E-A652-C199CFDCF6DC} = {4FAEBFE0-0641-473E-B76F-5483D4CD0B0E}
		{194666C2-D4A3-432C-995D-01349B96BD3F} = {98ACAE39-9D9E-4C86-8AEF-81714B950C86}
		{DE0F39B3-99D2-49E2-A5D0-418D9429F1AF} = {98ACAE39-9D9E-4C86-8AEF-81714B950C86}
		{BC48115A-D598-4D98-ADAF-C3A20D3E84F5} = {0059D574-0716-4906-98DE-E2A636325046}
		{5693CAF2-DD7F-4CF3-B4E8-75252ED69886} = {0059D574-0716-4906-98DE-E2A636325046}
		{93E790E9-54CB-4BAE-9ED6-83225E9EB497} = {CC647F20-B6CA-4FB1-A7EC-742D89B07A78}
	EndGlobalSection
	GlobalSection(ProjectConfigurationPlatforms) = postSolution
		{43434C37-5AB5-414B-8EA8-1A933729AEFE}.Debug|Any CPU.ActiveCfg = Debug|Any CPU
		{43434C37-5AB5-414B-8EA8-1A933729AEFE}.Debug|Any CPU.Build.0 = Debug|Any CPU
		{43434C37-5AB5-414B-8EA8-1A933729AEFE}.Release|Any CPU.ActiveCfg = Release|Any CPU
		{43434C37-5AB5-414B-8EA8-1A933729AEFE}.Release|Any CPU.Build.0 = Release|Any CPU
		{B032C587-A371-483A-AD7D-EE181EBED329}.Debug|Any CPU.ActiveCfg = Debug|Any CPU
		{B032C587-A371-483A-AD7D-EE181EBED329}.Debug|Any CPU.Build.0 = Debug|Any CPU
		{B032C587-A371-483A-AD7D-EE181EBED329}.Release|Any CPU.ActiveCfg = Release|Any CPU
		{B032C587-A371-483A-AD7D-EE181EBED329}.Release|Any CPU.Build.0 = Release|Any CPU
		{0FC1BEA4-2F12-4725-AEF7-134DA4459F05}.Debug|Any CPU.ActiveCfg = Debug|Any CPU
		{0FC1BEA4-2F12-4725-AEF7-134DA4459F05}.Debug|Any CPU.Build.0 = Debug|Any CPU
		{0FC1BEA4-2F12-4725-AEF7-134DA4459F05}.Release|Any CPU.ActiveCfg = Release|Any CPU
		{0FC1BEA4-2F12-4725-AEF7-134DA4459F05}.Release|Any CPU.Build.0 = Release|Any CPU
		{619530C2-EA98-4888-B176-46415B269CF8}.Debug|Any CPU.ActiveCfg = Debug|Any CPU
		{619530C2-EA98-4888-B176-46415B269CF8}.Debug|Any CPU.Build.0 = Debug|Any CPU
		{619530C2-EA98-4888-B176-46415B269CF8}.Release|Any CPU.ActiveCfg = Release|Any CPU
		{619530C2-EA98-4888-B176-46415B269CF8}.Release|Any CPU.Build.0 = Release|Any CPU
		{D3EAB21D-1E66-421B-A9EC-36B69943F347}.Debug|Any CPU.ActiveCfg = Debug|Any CPU
		{D3EAB21D-1E66-421B-A9EC-36B69943F347}.Debug|Any CPU.Build.0 = Debug|Any CPU
		{D3EAB21D-1E66-421B-A9EC-36B69943F347}.Release|Any CPU.ActiveCfg = Release|Any CPU
		{D3EAB21D-1E66-421B-A9EC-36B69943F347}.Release|Any CPU.Build.0 = Release|Any CPU
		{2600B91C-5F44-465E-A652-C199CFDCF6DC}.Debug|Any CPU.ActiveCfg = Debug|Any CPU
		{2600B91C-5F44-465E-A652-C199CFDCF6DC}.Debug|Any CPU.Build.0 = Debug|Any CPU
		{2600B91C-5F44-465E-A652-C199CFDCF6DC}.Release|Any CPU.ActiveCfg = Release|Any CPU
		{2600B91C-5F44-465E-A652-C199CFDCF6DC}.Release|Any CPU.Build.0 = Release|Any CPU
		{194666C2-D4A3-432C-995D-01349B96BD3F}.Debug|Any CPU.ActiveCfg = Debug|Any CPU
		{194666C2-D4A3-432C-995D-01349B96BD3F}.Debug|Any CPU.Build.0 = Debug|Any CPU
		{194666C2-D4A3-432C-995D-01349B96BD3F}.Release|Any CPU.ActiveCfg = Release|Any CPU
		{194666C2-D4A3-432C-995D-01349B96BD3F}.Release|Any CPU.Build.0 = Release|Any CPU
		{DE0F39B3-99D2-49E2-A5D0-418D9429F1AF}.Debug|Any CPU.ActiveCfg = Debug|Any CPU
		{DE0F39B3-99D2-49E2-A5D0-418D9429F1AF}.Debug|Any CPU.Build.0 = Debug|Any CPU
		{DE0F39B3-99D2-49E2-A5D0-418D9429F1AF}.Release|Any CPU.ActiveCfg = Release|Any CPU
		{DE0F39B3-99D2-49E2-A5D0-418D9429F1AF}.Release|Any CPU.Build.0 = Release|Any CPU
		{BC48115A-D598-4D98-ADAF-C3A20D3E84F5}.Debug|Any CPU.ActiveCfg = Debug|Any CPU
		{BC48115A-D598-4D98-ADAF-C3A20D3E84F5}.Debug|Any CPU.Build.0 = Debug|Any CPU
		{BC48115A-D598-4D98-ADAF-C3A20D3E84F5}.Release|Any CPU.ActiveCfg = Release|Any CPU
		{BC48115A-D598-4D98-ADAF-C3A20D3E84F5}.Release|Any CPU.Build.0 = Release|Any CPU
		{5693CAF2-DD7F-4CF3-B4E8-75252ED69886}.Debug|Any CPU.ActiveCfg = Debug|Any CPU
		{5693CAF2-DD7F-4CF3-B4E8-75252ED69886}.Debug|Any CPU.Build.0 = Debug|Any CPU
		{5693CAF2-DD7F-4CF3-B4E8-75252ED69886}.Release|Any CPU.ActiveCfg = Release|Any CPU
		{5693CAF2-DD7F-4CF3-B4E8-75252ED69886}.Release|Any CPU.Build.0 = Release|Any CPU
		{93E790E9-54CB-4BAE-9ED6-83225E9EB497}.Debug|Any CPU.ActiveCfg = Debug|Any CPU
		{93E790E9-54CB-4BAE-9ED6-83225E9EB497}.Debug|Any CPU.Build.0 = Debug|Any CPU
		{93E790E9-54CB-4BAE-9ED6-83225E9EB497}.Release|Any CPU.ActiveCfg = Release|Any CPU
		{93E790E9-54CB-4BAE-9ED6-83225E9EB497}.Release|Any CPU.Build.0 = Release|Any CPU
	EndGlobalSection
EndGlobal
